
Microsoft Visual Studio Solution File, Format Version 12.00
# Visual Studio Version 16
VisualStudioVersion = 16.0.31624.102
MinimumVisualStudioVersion = 10.0.40219.1
Project("{FAE04EC0-301F-11D3-BF4B-00C04F79EFBC}") = "UserData", "UserData\UserData.csproj", "{2AE6BBB9-216B-49C8-BDCF-ECB3CB0B4C89}"
EndProject
Project("{FAE04EC0-301F-11D3-BF4B-00C04F79EFBC}") = "UserAge", "UserAge\UserAge.csproj", "{A2ADDB53-8071-4839-A6D2-D4FA891AAC6E}"
EndProject
Project("{FAE04EC0-301F-11D3-BF4B-00C04F79EFBC}") = "InstagramAgeCheck", "InstagramAgeCheck\InstagramAgeCheck.csproj", "{E3EE4850-92AD-41C4-A22C-8128393447D9}"
EndProject
Project("{FAE04EC0-301F-11D3-BF4B-00C04F79EFBC}") = "DrivingLicense", "DrivingLicense\DrivingLicense.csproj", "{5D92A084-AE76-4000-A26C-41D22D1BD57B}"
EndProject
Global
	GlobalSection(SolutionConfigurationPlatforms) = preSolution
		Debug|Any CPU = Debug|Any CPU
		Release|Any CPU = Release|Any CPU
	EndGlobalSection
	GlobalSection(ProjectConfigurationPlatforms) = postSolution
		{2AE6BBB9-216B-49C8-BDCF-ECB3CB0B4C89}.Debug|Any CPU.ActiveCfg = Debug|Any CPU
		{2AE6BBB9-216B-49C8-BDCF-ECB3CB0B4C89}.Debug|Any CPU.Build.0 = Debug|Any CPU
		{2AE6BBB9-216B-49C8-BDCF-ECB3CB0B4C89}.Release|Any CPU.ActiveCfg = Release|Any CPU
		{2AE6BBB9-216B-49C8-BDCF-ECB3CB0B4C89}.Release|Any CPU.Build.0 = Release|Any CPU
		{A2ADDB53-8071-4839-A6D2-D4FA891AAC6E}.Debug|Any CPU.ActiveCfg = Debug|Any CPU
		{A2ADDB53-8071-4839-A6D2-D4FA891AAC6E}.Debug|Any CPU.Build.0 = Debug|Any CPU
		{A2ADDB53-8071-4839-A6D2-D4FA891AAC6E}.Release|Any CPU.ActiveCfg = Release|Any CPU
		{A2ADDB53-8071-4839-A6D2-D4FA891AAC6E}.Release|Any CPU.Build.0 = Release|Any CPU
		{E3EE4850-92AD-41C4-A22C-8128393447D9}.Debug|Any CPU.ActiveCfg = Debug|Any CPU
		{E3EE4850-92AD-41C4-A22C-8128393447D9}.Debug|Any CPU.Build.0 = Debug|Any CPU
		{E3EE4850-92AD-41C4-A22C-8128393447D9}.Release|Any CPU.ActiveCfg = Release|Any CPU
		{E3EE4850-92AD-41C4-A22C-8128393447D9}.Release|Any CPU.Build.0 = Release|Any CPU
		{5D92A084-AE76-4000-A26C-41D22D1BD57B}.Debug|Any CPU.ActiveCfg = Debug|Any CPU
		{5D92A084-AE76-4000-A26C-41D22D1BD57B}.Debug|Any CPU.Build.0 = Debug|Any CPU
		{5D92A084-AE76-4000-A26C-41D22D1BD57B}.Release|Any CPU.ActiveCfg = Release|Any CPU
		{5D92A084-AE76-4000-A26C-41D22D1BD57B}.Release|Any CPU.Build.0 = Release|Any CPU
	EndGlobalSection
	GlobalSection(SolutionProperties) = preSolution
		HideSolutionNode = FALSE
	EndGlobalSection
	GlobalSection(ExtensibilityGlobals) = postSolution
		SolutionGuid = {A32E9BCB-C147-4143-9B20-81607332241B}
	EndGlobalSection
EndGlobal
